<?xml version="1.0" encoding="utf-8"?>
<Project ToolsVersion="4.0" xmlns="http://schemas.microsoft.com/developer/msbuild/2003">
  <ItemGroup>
    <Filter Include="System">
      <UniqueIdentifier>{4FC737F1-C7A5-4376-A066-2A32D752A2FF}</UniqueIdentifier>
      <Extensions>cpp;c;cc;cxx;def;odl;idl;hpj;bat;asm;asmx</Extensions>
    </Filter>
    <Filter Include="System\Container">
      <UniqueIdentifier>{a919d2b5-ffc6-4d8d-b0d7-ab8e90343b1d}</UniqueIdentifier>
    </Filter>
  </ItemGroup>
  <ItemGroup>
    <ClCompile Include="System\Container\Array.cpp">
      <Filter>System\Container</Filter>
    </ClCompile>
    <ClCompile Include="System\Container\Queue.cpp">
      <Filter>System\Container</Filter>
    </ClCompile>
    <ClCompile Include="System\Container\Stack.cpp">
      <Filter>System\Container</Filter>
    </ClCompile>
    <ClCompile Include="String.cpp">
      <Filter>System</Filter>
    </ClCompile>
  </ItemGroup>
</Project>