
Microsoft Visual Studio Solution File, Format Version 12.00
# Visual Studio 14
VisualStudioVersion = 14.0.25420.1
MinimumVisualStudioVersion = 10.0.40219.1
Project("{8BC9CEB8-8B4A-11D0-8D11-00A0C91BC942}") = "Messy", "Messy.vcxproj", "{748152B9-F807-452D-962D-469E8B66E22C}"
	ProjectSection(ProjectDependencies) = postProject
		{FC6DBD02-A9D6-4456-B6DA-81CEC79CE8A3} = {FC6DBD02-A9D6-4456-B6DA-81CEC79CE8A3}
	EndProjectSection
EndProject
Project("{8BC9CEB8-8B4A-11D0-8D11-00A0C91BC942}") = "FM", "..\FM\FM.vcxproj", "{FC6DBD02-A9D6-4456-B6DA-81CEC79CE8A3}"
EndProject
Project("{8BC9CEB8-8B4A-11D0-8D11-00A0C91BC942}") = "FMUnitTest", "..\FM\UnitTest\FMUnitTest.vcxproj", "{E9C0B8A1-48D0-4611-91B7-63F336D9F0BA}"
	ProjectSection(ProjectDependencies) = postProject
		{FC6DBD02-A9D6-4456-B6DA-81CEC79CE8A3} = {FC6DBD02-A9D6-4456-B6DA-81CEC79CE8A3}
	EndProjectSection
EndProject
Project("{2150E333-8FDC-42A3-9474-1A3956D46DE8}") = "Tools", "Tools", "{1F0082C4-A1D7-4489-805F-8F2347879066}"
EndProject
Project("{8BC9CEB8-8B4A-11D0-8D11-00A0C91BC942}") = "PackagePacker", "..\Tools\PackagePacker\PackagePacker.vcxproj", "{9D3CAD3B-395F-46A2-904C-4259AE8CB3EB}"
EndProject
Global
	GlobalSection(SolutionConfigurationPlatforms) = preSolution
		Debug|x64 = Debug|x64
		Release|x64 = Release|x64
	EndGlobalSection
	GlobalSection(ProjectConfigurationPlatforms) = postSolution
		{748152B9-F807-452D-962D-469E8B66E22C}.Debug|x64.ActiveCfg = Debug|x64
		{748152B9-F807-452D-962D-469E8B66E22C}.Debug|x64.Build.0 = Debug|x64
		{748152B9-F807-452D-962D-469E8B66E22C}.Release|x64.ActiveCfg = Release|x64
		{748152B9-F807-452D-962D-469E8B66E22C}.Release|x64.Build.0 = Release|x64
		{FC6DBD02-A9D6-4456-B6DA-81CEC79CE8A3}.Debug|x64.ActiveCfg = Debug|x64
		{FC6DBD02-A9D6-4456-B6DA-81CEC79CE8A3}.Debug|x64.Build.0 = Debug|x64
		{FC6DBD02-A9D6-4456-B6DA-81CEC79CE8A3}.Release|x64.ActiveCfg = Release|x64
		{FC6DBD02-A9D6-4456-B6DA-81CEC79CE8A3}.Release|x64.Build.0 = Release|x64
		{E9C0B8A1-48D0-4611-91B7-63F336D9F0BA}.Debug|x64.ActiveCfg = Debug|x64
		{E9C0B8A1-48D0-4611-91B7-63F336D9F0BA}.Debug|x64.Build.0 = Debug|x64
		{E9C0B8A1-48D0-4611-91B7-63F336D9F0BA}.Release|x64.ActiveCfg = Release|x64
		{E9C0B8A1-48D0-4611-91B7-63F336D9F0BA}.Release|x64.Build.0 = Release|x64
		{9D3CAD3B-395F-46A2-904C-4259AE8CB3EB}.Debug|x64.ActiveCfg = Debug|x64
		{9D3CAD3B-395F-46A2-904C-4259AE8CB3EB}.Debug|x64.Build.0 = Debug|x64
		{9D3CAD3B-395F-46A2-904C-4259AE8CB3EB}.Release|x64.ActiveCfg = Release|x64
		{9D3CAD3B-395F-46A2-904C-4259AE8CB3EB}.Release|x64.Build.0 = Release|x64
	EndGlobalSection
	GlobalSection(SolutionProperties) = preSolution
		HideSolutionNode = FALSE
	EndGlobalSection
	GlobalSection(NestedProjects) = preSolution
		{9D3CAD3B-395F-46A2-904C-4259AE8CB3EB} = {1F0082C4-A1D7-4489-805F-8F2347879066}
	EndGlobalSection
EndGlobal
